
Microsoft Visual Studio Solution File, Format Version 12.00
# Visual Studio Version 17
VisualStudioVersion = 17.5.33627.172
MinimumVisualStudioVersion = 10.0.40219.1
Project("{FAE04EC0-301F-11D3-BF4B-00C04F79EFBC}") = "myproject", "myproject\myproject.csproj", "{0C3C9B7B-C399-4B52-BBC5-851740C3F6FD}"
EndProject
Global
	GlobalSection(SolutionConfigurationPlatforms) = preSolution
		Debug|Any CPU = Debug|Any CPU
		Release|Any CPU = Release|Any CPU
	EndGlobalSection
	GlobalSection(ProjectConfigurationPlatforms) = postSolution
		{0C3C9B7B-C399-4B52-BBC5-851740C3F6FD}.Debug|Any CPU.ActiveCfg = Debug|Any CPU
		{0C3C9B7B-C399-4B52-BBC5-851740C3F6FD}.Debug|Any CPU.Build.0 = Debug|Any CPU
		{0C3C9B7B-C399-4B52-BBC5-851740C3F6FD}.Release|Any CPU.ActiveCfg = Release|Any CPU
		{0C3C9B7B-C399-4B52-BBC5-851740C3F6FD}.Release|Any CPU.Build.0 = Release|Any CPU
	EndGlobalSection
	GlobalSection(SolutionProperties) = preSolution
		HideSolutionNode = FALSE
	EndGlobalSection
	GlobalSection(ExtensibilityGlobals) = postSolution
		SolutionGuid = {939C37F9-9835-4DB2-83A6-945BE8348378}
	EndGlobalSection
EndGlobal
